
Microsoft Visual Studio Solution File, Format Version 12.00
# Visual Studio Version 17
VisualStudioVersion = 17.6.33829.357
MinimumVisualStudioVersion = 10.0.40219.1
Project("{FAE04EC0-301F-11D3-BF4B-00C04F79EFBC}") = "AOSharpLiveCapture", "AOSharpLiveCapture.csproj", "{59F834E8-7B65-4B31-B725-ECA6C9FB5BF5}"
EndProject
Global
	GlobalSection(SolutionConfigurationPlatforms) = preSolution
		Debug|Any CPU = Debug|Any CPU
		Release|Any CPU = Release|Any CPU
	EndGlobalSection
	GlobalSection(ProjectConfigurationPlatforms) = postSolution
		{59F834E8-7B65-4B31-B725-ECA6C9FB5BF5}.Debug|Any CPU.ActiveCfg = Debug|Any CPU
		{59F834E8-7B65-4B31-B725-ECA6C9FB5BF5}.Debug|Any CPU.Build.0 = Debug|Any CPU
		{59F834E8-7B65-4B31-B725-ECA6C9FB5BF5}.Release|Any CPU.ActiveCfg = Release|Any CPU
		{59F834E8-7B65-4B31-B725-ECA6C9FB5BF5}.Release|Any CPU.Build.0 = Release|Any CPU
	EndGlobalSection
	GlobalSection(SolutionProperties) = preSolution
		HideSolutionNode = FALSE
	EndGlobalSection
	GlobalSection(ExtensibilityGlobals) = postSolution
		SolutionGuid = {1BE485AD-CA68-47C6-B59C-BB02B7B4A83F}
	EndGlobalSection
EndGlobal
